{
  "name": "local-module",
  "version": "1.0.0",
  "lockfileVersion": 3,
  "requires": true,
  "packages": {
    "": {
      "name": "local-module",
      "version": "1.0.0",
      "license": "ISC",
      "dependencies": {
        "random-fruits-name": "^1.10.3"
      }
    },
    "node_modules/random-fruits-name": {
      "version": "1.10.3",
      "resolved": "https://registry.npmjs.org/random-fruits-name/-/random-fruits-name-1.10.3.tgz",
      "integrity": "sha512-bh2BkBjWFXc/Xkh0ttTbBZ1WWDjGsmlFQU/ogc/QyLgkGWVYUUl06DBO7NtPXNM1+A8BVQx1RMJVIOnWaFhgiA==",
      "license": "MIT"
    }
  }
}
